{
  "originHash" : "368137cdd25a2b9147ac97aac8b43e89d935c7ebc401b01c634f78f3dc559784",
  "pins" : [
    {
      "identity" : "cryptoswift",
      "kind" : "remoteSourceControl",
      "location" : "https://github.com/krzyzanowskim/CryptoSwift",
      "state" : {
        "revision" : "132f5b209cd0251067f29cdb59c97d9f8a63252a",
        "version" : "1.8.5"
      }
    },
    {
      "identity" : "ios-nrf-mesh-library",
      "kind" : "remoteSourceControl",
      "location" : "https://github.com/nordicsemi/IOS-nRF-Mesh-Library.git",
      "state" : {
        "revision" : "ae3a3a4762b44a9b05ddee3ab2d0164dae073443",
        "version" : "4.8.0"
      }
    }
  ],
  "version" : 3
}
