// !$*UTF8*$!
{
	archiveVersion = 1;
	classes = {
	};
	objectVersion = 60;
	objects = {

/* Begin PBXBuildFile section */
		000000000000000000000022 /* NordicMesh in Frameworks */ = {isa = PBXBuildFile; productRef = 000000000000000000000020 /* NordicMesh */; };
		000000000000000000000023 /* GPSCore in Frameworks */ = {isa = PBXBuildFile; productRef = 000000000000000000000021 /* GPSCore */; };
		0000000000000000000000C8 /* GPSMeshApp.swift in Sources */ = {isa = PBXBuildFile; fileRef = 000000000000000000000064 /* GPSMeshApp.swift */; };
		0000000000000000000000C9 /* RootView.swift in Sources */ = {isa = PBXBuildFile; fileRef = 000000000000000000000065 /* RootView.swift */; };
		0000000000000000000000CA /* AppModel.swift in Sources */ = {isa = PBXBuildFile; fileRef = 000000000000000000000066 /* AppModel.swift */; };
		0000000000000000000000CB /* LocationSource.swift in Sources */ = {isa = PBXBuildFile; fileRef = 000000000000000000000067 /* LocationSource.swift */; };
		0000000000000000000000CC /* MeshTransport.swift in Sources */ = {isa = PBXBuildFile; fileRef = 000000000000000000000068 /* MeshTransport.swift */; };
		0000000000000000000000CD /* SecureMeshStore.swift in Sources */ = {isa = PBXBuildFile; fileRef = 000000000000000000000069 /* SecureMeshStore.swift */; };
		0000000000000000000000CE /* GPSMessage.swift in Sources */ = {isa = PBXBuildFile; fileRef = 00000000000000000000006A /* GPSMessage.swift */; };
		0000000000000000000000CF /* LocationMapView.swift in Sources */ = {isa = PBXBuildFile; fileRef = 00000000000000000000006B /* LocationMapView.swift */; };
/* End PBXBuildFile section */

/* Begin PBXFileReference section */
		000000000000000000000006 /* GPSMesh.app */ = {isa = PBXFileReference; explicitFileType = wrapper.application; includeInIndex = 0; path = GPSMesh.app; sourceTree = BUILT_PRODUCTS_DIR; };
		000000000000000000000064 /* GPSMeshApp.swift */ = {isa = PBXFileReference; lastKnownFileType = sourcecode.swift; path = GPSMeshApp.swift; sourceTree = "<group>"; };
		000000000000000000000065 /* RootView.swift */ = {isa = PBXFileReference; lastKnownFileType = sourcecode.swift; path = RootView.swift; sourceTree = "<group>"; };
		000000000000000000000066 /* AppModel.swift */ = {isa = PBXFileReference; lastKnownFileType = sourcecode.swift; path = AppModel.swift; sourceTree = "<group>"; };
		000000000000000000000067 /* LocationSource.swift */ = {isa = PBXFileReference; lastKnownFileType = sourcecode.swift; path = LocationSource.swift; sourceTree = "<group>"; };
		000000000000000000000068 /* MeshTransport.swift */ = {isa = PBXFileReference; lastKnownFileType = sourcecode.swift; path = MeshTransport.swift; sourceTree = "<group>"; };
		000000000000000000000069 /* SecureMeshStore.swift */ = {isa = PBXFileReference; lastKnownFileType = sourcecode.swift; path = SecureMeshStore.swift; sourceTree = "<group>"; };
		00000000000000000000006A /* GPSMessage.swift */ = {isa = PBXFileReference; lastKnownFileType = sourcecode.swift; path = GPSMessage.swift; sourceTree = "<group>"; };
		00000000000000000000006B /* LocationMapView.swift */ = {isa = PBXFileReference; lastKnownFileType = sourcecode.swift; path = LocationMapView.swift; sourceTree = "<group>"; };
/* End PBXFileReference section */

/* Begin PBXFrameworksBuildPhase section */
		000000000000000000000008 /* Frameworks */ = {
			isa = PBXFrameworksBuildPhase;
			buildActionMask = 2147483647;
			files = (
				000000000000000000000022 /* NordicMesh in Frameworks */,
				000000000000000000000023 /* GPSCore in Frameworks */,
			);
			runOnlyForDeploymentPostprocessing = 0;
		};
/* End PBXFrameworksBuildPhase section */

/* Begin PBXGroup section */
		000000000000000000000002 = {
			isa = PBXGroup;
			children = (
				000000000000000000000003 /* App */,
				000000000000000000000004 /* Products */,
			);
			sourceTree = "<group>";
		};
		000000000000000000000003 /* App */ = {
			isa = PBXGroup;
			children = (
				000000000000000000000064 /* GPSMeshApp.swift */,
				000000000000000000000065 /* RootView.swift */,
				000000000000000000000066 /* AppModel.swift */,
				000000000000000000000067 /* LocationSource.swift */,
				000000000000000000000068 /* MeshTransport.swift */,
				000000000000000000000069 /* SecureMeshStore.swift */,
				00000000000000000000006A /* GPSMessage.swift */,
				00000000000000000000006B /* LocationMapView.swift */,
			);
			path = App;
			sourceTree = "<group>";
		};
		000000000000000000000004 /* Products */ = {
			isa = PBXGroup;
			children = (
				000000000000000000000006 /* GPSMesh.app */,
			);
			name = Products;
			sourceTree = "<group>";
		};
/* End PBXGroup section */

/* Begin PBXNativeTarget section */
		000000000000000000000005 /* GPSMesh */ = {
			isa = PBXNativeTarget;
			buildConfigurationList = 000000000000000000000015 /* Build configuration list for PBXNativeTarget "GPSMesh" */;
			buildPhases = (
				000000000000000000000007 /* Sources */,
				000000000000000000000008 /* Frameworks */,
				000000000000000000000009 /* Resources */,
			);
			buildRules = (
			);
			dependencies = (
			);
			name = GPSMesh;
			packageProductDependencies = (
				000000000000000000000020 /* NordicMesh */,
				000000000000000000000021 /* GPSCore */,
			);
			productName = GPSMesh;
			productReference = 000000000000000000000006 /* GPSMesh.app */;
			productType = "com.apple.product-type.application";
		};
/* End PBXNativeTarget section */

/* Begin PBXProject section */
		000000000000000000000001 /* Project object */ = {
			isa = PBXProject;
			attributes = {
				LastUpgradeCheck = 2660;
			};
			buildConfigurationList = 000000000000000000000014 /* Build configuration list for PBXProject "GPSMesh" */;
			compatibilityVersion = "Xcode 14.0";
			developmentRegion = ko;
			hasScannedForEncodings = 0;
			knownRegions = (
				en,
				ko,
				Base,
			);
			mainGroup = 000000000000000000000002;
			packageReferences = (
				00000000000000000000001E /* XCRemoteSwiftPackageReference "IOS-nRF-Mesh-Library" */,
				00000000000000000000001F /* XCLocalSwiftPackageReference "GPSCore" */,
			);
			productRefGroup = 000000000000000000000004 /* Products */;
			projectDirPath = "";
			projectRoot = "";
			targets = (
				000000000000000000000005 /* GPSMesh */,
			);
		};
/* End PBXProject section */

/* Begin PBXResourcesBuildPhase section */
		000000000000000000000009 /* Resources */ = {
			isa = PBXResourcesBuildPhase;
			buildActionMask = 2147483647;
			files = (
			);
			runOnlyForDeploymentPostprocessing = 0;
		};
/* End PBXResourcesBuildPhase section */

/* Begin PBXSourcesBuildPhase section */
		000000000000000000000007 /* Sources */ = {
			isa = PBXSourcesBuildPhase;
			buildActionMask = 2147483647;
			files = (
				0000000000000000000000C8 /* GPSMeshApp.swift in Sources */,
				0000000000000000000000C9 /* RootView.swift in Sources */,
				0000000000000000000000CA /* AppModel.swift in Sources */,
				0000000000000000000000CB /* LocationSource.swift in Sources */,
				0000000000000000000000CC /* MeshTransport.swift in Sources */,
				0000000000000000000000CD /* SecureMeshStore.swift in Sources */,
				0000000000000000000000CE /* GPSMessage.swift in Sources */,
				0000000000000000000000CF /* LocationMapView.swift in Sources */,
			);
			runOnlyForDeploymentPostprocessing = 0;
		};
/* End PBXSourcesBuildPhase section */

/* Begin XCBuildConfiguration section */
		000000000000000000000016 /* Debug */ = {
			isa = XCBuildConfiguration;
			buildSettings = {
				CLANG_ENABLE_MODULES = YES;
				DEBUG_INFORMATION_FORMAT = dwarf;
				IPHONEOS_DEPLOYMENT_TARGET = 26.0;
				ONLY_ACTIVE_ARCH = YES;
				SDKROOT = iphoneos;
				SWIFT_OPTIMIZATION_LEVEL = "-Onone";
				SWIFT_VERSION = 5.0;
			};
			name = Debug;
		};
		000000000000000000000017 /* Release */ = {
			isa = XCBuildConfiguration;
			buildSettings = {
				CLANG_ENABLE_MODULES = YES;
				DEBUG_INFORMATION_FORMAT = dwarf;
				IPHONEOS_DEPLOYMENT_TARGET = 26.0;
				SDKROOT = iphoneos;
				SWIFT_OPTIMIZATION_LEVEL = "-O";
				SWIFT_VERSION = 5.0;
			};
			name = Release;
		};
		000000000000000000000018 /* Debug */ = {
			isa = XCBuildConfiguration;
			buildSettings = {
				CODE_SIGN_STYLE = Automatic;
				CURRENT_PROJECT_VERSION = 1;
				DEVELOPMENT_TEAM = 5NVK82U5N4;
				GENERATE_INFOPLIST_FILE = NO;
				INFOPLIST_FILE = App/Info.plist;
				MARKETING_VERSION = 0.1.0;
				PRODUCT_BUNDLE_IDENTIFIER = dev.kafkalab.GPSMesh;
				PRODUCT_NAME = "$(TARGET_NAME)";
				SUPPORTED_PLATFORMS = "iphoneos iphonesimulator";
				SUPPORTS_MACCATALYST = NO;
				SWIFT_EMIT_LOC_STRINGS = YES;
				TARGETED_DEVICE_FAMILY = 1;
			};
			name = Debug;
		};
		000000000000000000000019 /* Release */ = {
			isa = XCBuildConfiguration;
			buildSettings = {
				CODE_SIGN_STYLE = Automatic;
				CURRENT_PROJECT_VERSION = 1;
				DEVELOPMENT_TEAM = 5NVK82U5N4;
				GENERATE_INFOPLIST_FILE = NO;
				INFOPLIST_FILE = App/Info.plist;
				MARKETING_VERSION = 0.1.0;
				PRODUCT_BUNDLE_IDENTIFIER = dev.kafkalab.GPSMesh;
				PRODUCT_NAME = "$(TARGET_NAME)";
				SUPPORTED_PLATFORMS = "iphoneos iphonesimulator";
				SUPPORTS_MACCATALYST = NO;
				SWIFT_EMIT_LOC_STRINGS = YES;
				TARGETED_DEVICE_FAMILY = 1;
			};
			name = Release;
		};
/* End XCBuildConfiguration section */

/* Begin XCConfigurationList section */
		000000000000000000000014 /* Build configuration list for PBXProject "GPSMesh" */ = {
			isa = XCConfigurationList;
			buildConfigurations = (
				000000000000000000000016 /* Debug */,
				000000000000000000000017 /* Release */,
			);
			defaultConfigurationIsVisible = 0;
			defaultConfigurationName = Release;
		};
		000000000000000000000015 /* Build configuration list for PBXNativeTarget "GPSMesh" */ = {
			isa = XCConfigurationList;
			buildConfigurations = (
				000000000000000000000018 /* Debug */,
				000000000000000000000019 /* Release */,
			);
			defaultConfigurationIsVisible = 0;
			defaultConfigurationName = Release;
		};
/* End XCConfigurationList section */

/* Begin XCLocalSwiftPackageReference section */
		00000000000000000000001F /* XCLocalSwiftPackageReference "GPSCore" */ = {
			isa = XCLocalSwiftPackageReference;
			relativePath = GPSCore;
		};
/* End XCLocalSwiftPackageReference section */

/* Begin XCRemoteSwiftPackageReference section */
		00000000000000000000001E /* XCRemoteSwiftPackageReference "IOS-nRF-Mesh-Library" */ = {
			isa = XCRemoteSwiftPackageReference;
			repositoryURL = "https://github.com/nordicsemi/IOS-nRF-Mesh-Library.git";
			requirement = {
				kind = exactVersion;
				version = 4.8.0;
			};
		};
/* End XCRemoteSwiftPackageReference section */

/* Begin XCSwiftPackageProductDependency section */
		000000000000000000000020 /* NordicMesh */ = {
			isa = XCSwiftPackageProductDependency;
			package = 00000000000000000000001E /* XCRemoteSwiftPackageReference "IOS-nRF-Mesh-Library" */;
			productName = NordicMesh;
		};
		000000000000000000000021 /* GPSCore */ = {
			isa = XCSwiftPackageProductDependency;
			productName = GPSCore;
		};
/* End XCSwiftPackageProductDependency section */
	};
	rootObject = 000000000000000000000001 /* Project object */;
}
